
Microsoft Visual Studio Solution File, Format Version 12.00
# Visual Studio Version 17
VisualStudioVersion = 17.14.36623.8 d17.14
MinimumVisualStudioVersion = 10.0.40219.1
Project("{FAE04EC0-301F-11D3-BF4B-00C04F79EFBC}") = "JuhwanSeo_Assignment1", "JuhwanSeo_Assignment1\JuhwanSeo_Assignment1.csproj", "{A5BA32C1-B75A-40C1-8A15-38957046E6E0}"
EndProject
Global
	GlobalSection(SolutionConfigurationPlatforms) = preSolution
		Debug|Any CPU = Debug|Any CPU
		Release|Any CPU = Release|Any CPU
	EndGlobalSection
	GlobalSection(ProjectConfigurationPlatforms) = postSolution
		{A5BA32C1-B75A-40C1-8A15-38957046E6E0}.Debug|Any CPU.ActiveCfg = Debug|Any CPU
		{A5BA32C1-B75A-40C1-8A15-38957046E6E0}.Debug|Any CPU.Build.0 = Debug|Any CPU
		{A5BA32C1-B75A-40C1-8A15-38957046E6E0}.Release|Any CPU.ActiveCfg = Release|Any CPU
		{A5BA32C1-B75A-40C1-8A15-38957046E6E0}.Release|Any CPU.Build.0 = Release|Any CPU
	EndGlobalSection
	GlobalSection(SolutionProperties) = preSolution
		HideSolutionNode = FALSE
	EndGlobalSection
	GlobalSection(ExtensibilityGlobals) = postSolution
		SolutionGuid = {09FE36B2-8A26-49A8-8249-37783A2BC98B}
	EndGlobalSection
EndGlobal
